// !$*UTF8*$!
{
	archiveVersion = 1;
	classes = {
	};
	objectVersion = 56;
	objects = {

/* Begin PBXBuildFile section */
		FB19B96229C269C300219583 /* APIManager.swift in Sources */ = {isa = PBXBuildFile; fileRef = FB19B96129C269C300219583 /* APIManager.swift */; };
		FB19B96429C26A1200219583 /* Constants.swift in Sources */ = {isa = PBXBuildFile; fileRef = FB19B96329C26A1200219583 /* Constants.swift */; };
		FB19B96729C26F3300219583 /* Alamofire in Frameworks */ = {isa = PBXBuildFile; productRef = FB19B96629C26F3300219583 /* Alamofire */; };
		FB19B96929C2735500219583 /* Media.swift in Sources */ = {isa = PBXBuildFile; fileRef = FB19B96829C2735500219583 /* Media.swift */; };
		FB6680BB29BDEBB800FD3E79 /* SuggestionHeaderUIView.swift in Sources */ = {isa = PBXBuildFile; fileRef = FB6680BA29BDEBB800FD3E79 /* SuggestionHeaderUIView.swift */; };
		FB835A7129B7DC7E0050A22D /* TableViewCell.swift in Sources */ = {isa = PBXBuildFile; fileRef = FB835A7029B7DC7E0050A22D /* TableViewCell.swift */; };
		FBEC04C329B4EBB8003A96D4 /* AppDelegate.swift in Sources */ = {isa = PBXBuildFile; fileRef = FBEC04C229B4EBB8003A96D4 /* AppDelegate.swift */; };
		FBEC04C529B4EBB8003A96D4 /* SceneDelegate.swift in Sources */ = {isa = PBXBuildFile; fileRef = FBEC04C429B4EBB8003A96D4 /* SceneDelegate.swift */; };
		FBEC04C729B4EBB8003A96D4 /* MainTabBarViewController.swift in Sources */ = {isa = PBXBuildFile; fileRef = FBEC04C629B4EBB8003A96D4 /* MainTabBarViewController.swift */; };
		FBEC04CC29B4EBB9003A96D4 /* Assets.xcassets in Resources */ = {isa = PBXBuildFile; fileRef = FBEC04CB29B4EBB9003A96D4 /* Assets.xcassets */; };
		FBEC04CF29B4EBB9003A96D4 /* LaunchScreen.storyboard in Resources */ = {isa = PBXBuildFile; fileRef = FBEC04CD29B4EBB9003A96D4 /* LaunchScreen.storyboard */; };
		FBEC04DA29B4F0BC003A96D4 /* SearchViewController.swift in Sources */ = {isa = PBXBuildFile; fileRef = FBEC04D929B4F0BC003A96D4 /* SearchViewController.swift */; };
		FBEC04DC29B4F285003A96D4 /* HomeViewController.swift in Sources */ = {isa = PBXBuildFile; fileRef = FBEC04DB29B4F285003A96D4 /* HomeViewController.swift */; };
		FBF1A51429C3AF1200458613 /* Extension+.swift in Sources */ = {isa = PBXBuildFile; fileRef = FBF1A51329C3AF1200458613 /* Extension+.swift */; };
		FBF1A51729C3B59F00458613 /* Kingfisher in Frameworks */ = {isa = PBXBuildFile; productRef = FBF1A51629C3B59F00458613 /* Kingfisher */; };
		FBF1A51929C3B8F200458613 /* MediaCollectionViewCell.swift in Sources */ = {isa = PBXBuildFile; fileRef = FBF1A51829C3B8F200458613 /* MediaCollectionViewCell.swift */; };
/* End PBXBuildFile section */

/* Begin PBXFileReference section */
		FB19B96129C269C300219583 /* APIManager.swift */ = {isa = PBXFileReference; lastKnownFileType = sourcecode.swift; path = APIManager.swift; sourceTree = "<group>"; };
		FB19B96329C26A1200219583 /* Constants.swift */ = {isa = PBXFileReference; lastKnownFileType = sourcecode.swift; path = Constants.swift; sourceTree = "<group>"; };
		FB19B96829C2735500219583 /* Media.swift */ = {isa = PBXFileReference; lastKnownFileType = sourcecode.swift; path = Media.swift; sourceTree = "<group>"; };
		FB6680BA29BDEBB800FD3E79 /* SuggestionHeaderUIView.swift */ = {isa = PBXFileReference; lastKnownFileType = sourcecode.swift; path = SuggestionHeaderUIView.swift; sourceTree = "<group>"; };
		FB835A7029B7DC7E0050A22D /* TableViewCell.swift */ = {isa = PBXFileReference; lastKnownFileType = sourcecode.swift; path = TableViewCell.swift; sourceTree = "<group>"; };
		FBEC04BF29B4EBB8003A96D4 /* MovieApp.app */ = {isa = PBXFileReference; explicitFileType = wrapper.application; includeInIndex = 0; path = MovieApp.app; sourceTree = BUILT_PRODUCTS_DIR; };
		FBEC04C229B4EBB8003A96D4 /* AppDelegate.swift */ = {isa = PBXFileReference; lastKnownFileType = sourcecode.swift; path = AppDelegate.swift; sourceTree = "<group>"; };
		FBEC04C429B4EBB8003A96D4 /* SceneDelegate.swift */ = {isa = PBXFileReference; lastKnownFileType = sourcecode.swift; path = SceneDelegate.swift; sourceTree = "<group>"; };
		FBEC04C629B4EBB8003A96D4 /* MainTabBarViewController.swift */ = {isa = PBXFileReference; lastKnownFileType = sourcecode.swift; path = MainTabBarViewController.swift; sourceTree = "<group>"; };
		FBEC04CB29B4EBB9003A96D4 /* Assets.xcassets */ = {isa = PBXFileReference; lastKnownFileType = folder.assetcatalog; path = Assets.xcassets; sourceTree = "<group>"; };
		FBEC04CE29B4EBB9003A96D4 /* Base */ = {isa = PBXFileReference; lastKnownFileType = file.storyboard; name = Base; path = Base.lproj/LaunchScreen.storyboard; sourceTree = "<group>"; };
		FBEC04D029B4EBB9003A96D4 /* Info.plist */ = {isa = PBXFileReference; lastKnownFileType = text.plist.xml; path = Info.plist; sourceTree = "<group>"; };
		FBEC04D929B4F0BC003A96D4 /* SearchViewController.swift */ = {isa = PBXFileReference; lastKnownFileType = sourcecode.swift; path = SearchViewController.swift; sourceTree = "<group>"; };
		FBEC04DB29B4F285003A96D4 /* HomeViewController.swift */ = {isa = PBXFileReference; lastKnownFileType = sourcecode.swift; path = HomeViewController.swift; sourceTree = "<group>"; };
		FBF1A51329C3AF1200458613 /* Extension+.swift */ = {isa = PBXFileReference; lastKnownFileType = sourcecode.swift; path = "Extension+.swift"; sourceTree = "<group>"; };
		FBF1A51829C3B8F200458613 /* MediaCollectionViewCell.swift */ = {isa = PBXFileReference; lastKnownFileType = sourcecode.swift; path = MediaCollectionViewCell.swift; sourceTree = "<group>"; };
/* End PBXFileReference section */

/* Begin PBXFrameworksBuildPhase section */
		FBEC04BC29B4EBB8003A96D4 /* Frameworks */ = {
			isa = PBXFrameworksBuildPhase;
			buildActionMask = 2147483647;
			files = (
				FBF1A51729C3B59F00458613 /* Kingfisher in Frameworks */,
				FB19B96729C26F3300219583 /* Alamofire in Frameworks */,
			);
			runOnlyForDeploymentPostprocessing = 0;
		};
/* End PBXFrameworksBuildPhase section */

/* Begin PBXGroup section */
		FB19B96029C2698C00219583 /* Managers */ = {
			isa = PBXGroup;
			children = (
				FB19B96129C269C300219583 /* APIManager.swift */,
			);
			path = Managers;
			sourceTree = "<group>";
		};
		FB835A6D29B7DBAC0050A22D /* Models */ = {
			isa = PBXGroup;
			children = (
				FB19B96329C26A1200219583 /* Constants.swift */,
				FB19B96829C2735500219583 /* Media.swift */,
			);
			path = Models;
			sourceTree = "<group>";
		};
		FB835A6E29B7DBB10050A22D /* View */ = {
			isa = PBXGroup;
			children = (
				FB835A7029B7DC7E0050A22D /* TableViewCell.swift */,
				FBF1A51829C3B8F200458613 /* MediaCollectionViewCell.swift */,
				FB6680BA29BDEBB800FD3E79 /* SuggestionHeaderUIView.swift */,
			);
			path = View;
			sourceTree = "<group>";
		};
		FB835A6F29B7DBBC0050A22D /* ViewModel */ = {
			isa = PBXGroup;
			children = (
			);
			path = ViewModel;
			sourceTree = "<group>";
		};
		FBEC04B629B4EBB8003A96D4 = {
			isa = PBXGroup;
			children = (
				FBEC04C129B4EBB8003A96D4 /* MovieApp */,
				FBEC04C029B4EBB8003A96D4 /* Products */,
			);
			sourceTree = "<group>";
		};
		FBEC04C029B4EBB8003A96D4 /* Products */ = {
			isa = PBXGroup;
			children = (
				FBEC04BF29B4EBB8003A96D4 /* MovieApp.app */,
			);
			name = Products;
			sourceTree = "<group>";
		};
		FBEC04C129B4EBB8003A96D4 /* MovieApp */ = {
			isa = PBXGroup;
			children = (
				FBEC04C229B4EBB8003A96D4 /* AppDelegate.swift */,
				FBEC04C429B4EBB8003A96D4 /* SceneDelegate.swift */,
				FB19B96029C2698C00219583 /* Managers */,
				FB835A6D29B7DBAC0050A22D /* Models */,
				FB835A6E29B7DBB10050A22D /* View */,
				FB835A6F29B7DBBC0050A22D /* ViewModel */,
				FBEC04D829B4F080003A96D4 /* Controllers */,
				FBEC04CB29B4EBB9003A96D4 /* Assets.xcassets */,
				FBEC04CD29B4EBB9003A96D4 /* LaunchScreen.storyboard */,
				FBEC04D029B4EBB9003A96D4 /* Info.plist */,
				FBF1A51329C3AF1200458613 /* Extension+.swift */,
			);
			path = MovieApp;
			sourceTree = "<group>";
		};
		FBEC04D829B4F080003A96D4 /* Controllers */ = {
			isa = PBXGroup;
			children = (
				FBEC04C629B4EBB8003A96D4 /* MainTabBarViewController.swift */,
				FBEC04DB29B4F285003A96D4 /* HomeViewController.swift */,
				FBEC04D929B4F0BC003A96D4 /* SearchViewController.swift */,
			);
			path = Controllers;
			sourceTree = "<group>";
		};
/* End PBXGroup section */

/* Begin PBXNativeTarget section */
		FBEC04BE29B4EBB8003A96D4 /* MovieApp */ = {
			isa = PBXNativeTarget;
			buildConfigurationList = FBEC04D329B4EBB9003A96D4 /* Build configuration list for PBXNativeTarget "MovieApp" */;
			buildPhases = (
				FBEC04BB29B4EBB8003A96D4 /* Sources */,
				FBEC04BC29B4EBB8003A96D4 /* Frameworks */,
				FBEC04BD29B4EBB8003A96D4 /* Resources */,
			);
			buildRules = (
			);
			dependencies = (
			);
			name = MovieApp;
			packageProductDependencies = (
				FB19B96629C26F3300219583 /* Alamofire */,
				FBF1A51629C3B59F00458613 /* Kingfisher */,
			);
			productName = MovieApp;
			productReference = FBEC04BF29B4EBB8003A96D4 /* MovieApp.app */;
			productType = "com.apple.product-type.application";
		};
/* End PBXNativeTarget section */

/* Begin PBXProject section */
		FBEC04B729B4EBB8003A96D4 /* Project object */ = {
			isa = PBXProject;
			attributes = {
				BuildIndependentTargetsInParallel = 1;
				LastSwiftUpdateCheck = 1420;
				LastUpgradeCheck = 1420;
				TargetAttributes = {
					FBEC04BE29B4EBB8003A96D4 = {
						CreatedOnToolsVersion = 14.2;
					};
				};
			};
			buildConfigurationList = FBEC04BA29B4EBB8003A96D4 /* Build configuration list for PBXProject "MovieApp" */;
			compatibilityVersion = "Xcode 14.0";
			developmentRegion = en;
			hasScannedForEncodings = 0;
			knownRegions = (
				en,
				Base,
			);
			mainGroup = FBEC04B629B4EBB8003A96D4;
			packageReferences = (
				FB19B96529C26F3300219583 /* XCRemoteSwiftPackageReference "Alamofire" */,
				FBF1A51529C3B59F00458613 /* XCRemoteSwiftPackageReference "Kingfisher" */,
			);
			productRefGroup = FBEC04C029B4EBB8003A96D4 /* Products */;
			projectDirPath = "";
			projectRoot = "";
			targets = (
				FBEC04BE29B4EBB8003A96D4 /* MovieApp */,
			);
		};
/* End PBXProject section */

/* Begin PBXResourcesBuildPhase section */
		FBEC04BD29B4EBB8003A96D4 /* Resources */ = {
			isa = PBXResourcesBuildPhase;
			buildActionMask = 2147483647;
			files = (
				FBEC04CF29B4EBB9003A96D4 /* LaunchScreen.storyboard in Resources */,
				FBEC04CC29B4EBB9003A96D4 /* Assets.xcassets in Resources */,
			);
			runOnlyForDeploymentPostprocessing = 0;
		};
/* End PBXResourcesBuildPhase section */

/* Begin PBXSourcesBuildPhase section */
		FBEC04BB29B4EBB8003A96D4 /* Sources */ = {
			isa = PBXSourcesBuildPhase;
			buildActionMask = 2147483647;
			files = (
				FB19B96229C269C300219583 /* APIManager.swift in Sources */,
				FBEC04DC29B4F285003A96D4 /* HomeViewController.swift in Sources */,
				FB835A7129B7DC7E0050A22D /* TableViewCell.swift in Sources */,
				FBEC04DA29B4F0BC003A96D4 /* SearchViewController.swift in Sources */,
				FB19B96929C2735500219583 /* Media.swift in Sources */,
				FBEC04C729B4EBB8003A96D4 /* MainTabBarViewController.swift in Sources */,
				FBF1A51429C3AF1200458613 /* Extension+.swift in Sources */,
				FBF1A51929C3B8F200458613 /* MediaCollectionViewCell.swift in Sources */,
				FBEC04C329B4EBB8003A96D4 /* AppDelegate.swift in Sources */,
				FBEC04C529B4EBB8003A96D4 /* SceneDelegate.swift in Sources */,
				FB6680BB29BDEBB800FD3E79 /* SuggestionHeaderUIView.swift in Sources */,
				FB19B96429C26A1200219583 /* Constants.swift in Sources */,
			);
			runOnlyForDeploymentPostprocessing = 0;
		};
/* End PBXSourcesBuildPhase section */

/* Begin PBXVariantGroup section */
		FBEC04CD29B4EBB9003A96D4 /* LaunchScreen.storyboard */ = {
			isa = PBXVariantGroup;
			children = (
				FBEC04CE29B4EBB9003A96D4 /* Base */,
			);
			name = LaunchScreen.storyboard;
			sourceTree = "<group>";
		};
/* End PBXVariantGroup section */

/* Begin XCBuildConfiguration section */
		FBEC04D129B4EBB9003A96D4 /* Debug */ = {
			isa = XCBuildConfiguration;
			buildSettings = {
				ALWAYS_SEARCH_USER_PATHS = NO;
				CLANG_ANALYZER_NONNULL = YES;
				CLANG_ANALYZER_NUMBER_OBJECT_CONVERSION = YES_AGGRESSIVE;
				CLANG_CXX_LANGUAGE_STANDARD = "gnu++20";
				CLANG_ENABLE_MODULES = YES;
				CLANG_ENABLE_OBJC_ARC = YES;
				CLANG_ENABLE_OBJC_WEAK = YES;
				CLANG_WARN_BLOCK_CAPTURE_AUTORELEASING = YES;
				CLANG_WARN_BOOL_CONVERSION = YES;
				CLANG_WARN_COMMA = YES;
				CLANG_WARN_CONSTANT_CONVERSION = YES;
				CLANG_WARN_DEPRECATED_OBJC_IMPLEMENTATIONS = YES;
				CLANG_WARN_DIRECT_OBJC_ISA_USAGE = YES_ERROR;
				CLANG_WARN_DOCUMENTATION_COMMENTS = YES;
				CLANG_WARN_EMPTY_BODY = YES;
				CLANG_WARN_ENUM_CONVERSION = YES;
				CLANG_WARN_INFINITE_RECURSION = YES;
				CLANG_WARN_INT_CONVERSION = YES;
				CLANG_WARN_NON_LITERAL_NULL_CONVERSION = YES;
				CLANG_WARN_OBJC_IMPLICIT_RETAIN_SELF = YES;
				CLANG_WARN_OBJC_LITERAL_CONVERSION = YES;
				CLANG_WARN_OBJC_ROOT_CLASS = YES_ERROR;
				CLANG_WARN_QUOTED_INCLUDE_IN_FRAMEWORK_HEADER = YES;
				CLANG_WARN_RANGE_LOOP_ANALYSIS = YES;
				CLANG_WARN_STRICT_PROTOTYPES = YES;
				CLANG_WARN_SUSPICIOUS_MOVE = YES;
				CLANG_WARN_UNGUARDED_AVAILABILITY = YES_AGGRESSIVE;
				CLANG_WARN_UNREACHABLE_CODE = YES;
				CLANG_WARN__DUPLICATE_METHOD_MATCH = YES;
				COPY_PHASE_STRIP = NO;
				DEBUG_INFORMATION_FORMAT = dwarf;
				ENABLE_STRICT_OBJC_MSGSEND = YES;
				ENABLE_TESTABILITY = YES;
				GCC_C_LANGUAGE_STANDARD = gnu11;
				GCC_DYNAMIC_NO_PIC = NO;
				GCC_NO_COMMON_BLOCKS = YES;
				GCC_OPTIMIZATION_LEVEL = 0;
				GCC_PREPROCESSOR_DEFINITIONS = (
					"DEBUG=1",
					"$(inherited)",
				);
				GCC_WARN_64_TO_32_BIT_CONVERSION = YES;
				GCC_WARN_ABOUT_RETURN_TYPE = YES_ERROR;
				GCC_WARN_UNDECLARED_SELECTOR = YES;
				GCC_WARN_UNINITIALIZED_AUTOS = YES_AGGRESSIVE;
				GCC_WARN_UNUSED_FUNCTION = YES;
				GCC_WARN_UNUSED_VARIABLE = YES;
				IPHONEOS_DEPLOYMENT_TARGET = 16.2;
				MTL_ENABLE_DEBUG_INFO = INCLUDE_SOURCE;
				MTL_FAST_MATH = YES;
				ONLY_ACTIVE_ARCH = YES;
				SDKROOT = iphoneos;
				SWIFT_ACTIVE_COMPILATION_CONDITIONS = DEBUG;
				SWIFT_OPTIMIZATION_LEVEL = "-Onone";
			};
			name = Debug;
		};
		FBEC04D229B4EBB9003A96D4 /* Release */ = {
			isa = XCBuildConfiguration;
			buildSettings = {
				ALWAYS_SEARCH_USER_PATHS = NO;
				CLANG_ANALYZER_NONNULL = YES;
				CLANG_ANALYZER_NUMBER_OBJECT_CONVERSION = YES_AGGRESSIVE;
				CLANG_CXX_LANGUAGE_STANDARD = "gnu++20";
				CLANG_ENABLE_MODULES = YES;
				CLANG_ENABLE_OBJC_ARC = YES;
				CLANG_ENABLE_OBJC_WEAK = YES;
				CLANG_WARN_BLOCK_CAPTURE_AUTORELEASING = YES;
				CLANG_WARN_BOOL_CONVERSION = YES;
				CLANG_WARN_COMMA = YES;
				CLANG_WARN_CONSTANT_CONVERSION = YES;
				CLANG_WARN_DEPRECATED_OBJC_IMPLEMENTATIONS = YES;
				CLANG_WARN_DIRECT_OBJC_ISA_USAGE = YES_ERROR;
				CLANG_WARN_DOCUMENTATION_COMMENTS = YES;
				CLANG_WARN_EMPTY_BODY = YES;
				CLANG_WARN_ENUM_CONVERSION = YES;
				CLANG_WARN_INFINITE_RECURSION = YES;
				CLANG_WARN_INT_CONVERSION = YES;
				CLANG_WARN_NON_LITERAL_NULL_CONVERSION = YES;
				CLANG_WARN_OBJC_IMPLICIT_RETAIN_SELF = YES;
				CLANG_WARN_OBJC_LITERAL_CONVERSION = YES;
				CLANG_WARN_OBJC_ROOT_CLASS = YES_ERROR;
				CLANG_WARN_QUOTED_INCLUDE_IN_FRAMEWORK_HEADER = YES;
				CLANG_WARN_RANGE_LOOP_ANALYSIS = YES;
				CLANG_WARN_STRICT_PROTOTYPES = YES;
				CLANG_WARN_SUSPICIOUS_MOVE = YES;
				CLANG_WARN_UNGUARDED_AVAILABILITY = YES_AGGRESSIVE;
				CLANG_WARN_UNREACHABLE_CODE = YES;
				CLANG_WARN__DUPLICATE_METHOD_MATCH = YES;
				COPY_PHASE_STRIP = NO;
				DEBUG_INFORMATION_FORMAT = "dwarf-with-dsym";
				ENABLE_NS_ASSERTIONS = NO;
				ENABLE_STRICT_OBJC_MSGSEND = YES;
				GCC_C_LANGUAGE_STANDARD = gnu11;
				GCC_NO_COMMON_BLOCKS = YES;
				GCC_WARN_64_TO_32_BIT_CONVERSION = YES;
				GCC_WARN_ABOUT_RETURN_TYPE = YES_ERROR;
				GCC_WARN_UNDECLARED_SELECTOR = YES;
				GCC_WARN_UNINITIALIZED_AUTOS = YES_AGGRESSIVE;
				GCC_WARN_UNUSED_FUNCTION = YES;
				GCC_WARN_UNUSED_VARIABLE = YES;
				IPHONEOS_DEPLOYMENT_TARGET = 16.2;
				MTL_ENABLE_DEBUG_INFO = NO;
				MTL_FAST_MATH = YES;
				SDKROOT = iphoneos;
				SWIFT_COMPILATION_MODE = wholemodule;
				SWIFT_OPTIMIZATION_LEVEL = "-O";
				VALIDATE_PRODUCT = YES;
			};
			name = Release;
		};
		FBEC04D429B4EBB9003A96D4 /* Debug */ = {
			isa = XCBuildConfiguration;
			buildSettings = {
				ASSETCATALOG_COMPILER_APPICON_NAME = AppIcon;
				ASSETCATALOG_COMPILER_GLOBAL_ACCENT_COLOR_NAME = AccentColor;
				CODE_SIGN_STYLE = Automatic;
				CURRENT_PROJECT_VERSION = 1;
				GENERATE_INFOPLIST_FILE = YES;
				INFOPLIST_FILE = MovieApp/Info.plist;
				INFOPLIST_KEY_UIApplicationSupportsIndirectInputEvents = YES;
				INFOPLIST_KEY_UILaunchStoryboardName = LaunchScreen;
				INFOPLIST_KEY_UISupportedInterfaceOrientations = "UIInterfaceOrientationLandscapeLeft UIInterfaceOrientationLandscapeRight UIInterfaceOrientationPortrait";
				INFOPLIST_KEY_UISupportedInterfaceOrientations_iPad = UIInterfaceOrientationPortrait;
				IPHONEOS_DEPLOYMENT_TARGET = 14.0;
				LD_RUNPATH_SEARCH_PATHS = (
					"$(inherited)",
					"@executable_path/Frameworks",
				);
				MARKETING_VERSION = 1.0;
				PRODUCT_BUNDLE_IDENTIFIER = anilKaradag.MovieApp;
				PRODUCT_NAME = "$(TARGET_NAME)";
				SWIFT_EMIT_LOC_STRINGS = YES;
				SWIFT_VERSION = 5.0;
				TARGETED_DEVICE_FAMILY = "1,2";
			};
			name = Debug;
		};
		FBEC04D529B4EBB9003A96D4 /* Release */ = {
			isa = XCBuildConfiguration;
			buildSettings = {
				ASSETCATALOG_COMPILER_APPICON_NAME = AppIcon;
				ASSETCATALOG_COMPILER_GLOBAL_ACCENT_COLOR_NAME = AccentColor;
				CODE_SIGN_STYLE = Automatic;
				CURRENT_PROJECT_VERSION = 1;
				GENERATE_INFOPLIST_FILE = YES;
				INFOPLIST_FILE = MovieApp/Info.plist;
				INFOPLIST_KEY_UIApplicationSupportsIndirectInputEvents = YES;
				INFOPLIST_KEY_UILaunchStoryboardName = LaunchScreen;
				INFOPLIST_KEY_UISupportedInterfaceOrientations = "UIInterfaceOrientationLandscapeLeft UIInterfaceOrientationLandscapeRight UIInterfaceOrientationPortrait";
				INFOPLIST_KEY_UISupportedInterfaceOrientations_iPad = UIInterfaceOrientationPortrait;
				IPHONEOS_DEPLOYMENT_TARGET = 14.0;
				LD_RUNPATH_SEARCH_PATHS = (
					"$(inherited)",
					"@executable_path/Frameworks",
				);
				MARKETING_VERSION = 1.0;
				PRODUCT_BUNDLE_IDENTIFIER = anilKaradag.MovieApp;
				PRODUCT_NAME = "$(TARGET_NAME)";
				SWIFT_EMIT_LOC_STRINGS = YES;
				SWIFT_VERSION = 5.0;
				TARGETED_DEVICE_FAMILY = "1,2";
			};
			name = Release;
		};
/* End XCBuildConfiguration section */

/* Begin XCConfigurationList section */
		FBEC04BA29B4EBB8003A96D4 /* Build configuration list for PBXProject "MovieApp" */ = {
			isa = XCConfigurationList;
			buildConfigurations = (
				FBEC04D129B4EBB9003A96D4 /* Debug */,
				FBEC04D229B4EBB9003A96D4 /* Release */,
			);
			defaultConfigurationIsVisible = 0;
			defaultConfigurationName = Release;
		};
		FBEC04D329B4EBB9003A96D4 /* Build configuration list for PBXNativeTarget "MovieApp" */ = {
			isa = XCConfigurationList;
			buildConfigurations = (
				FBEC04D429B4EBB9003A96D4 /* Debug */,
				FBEC04D529B4EBB9003A96D4 /* Release */,
			);
			defaultConfigurationIsVisible = 0;
			defaultConfigurationName = Release;
		};
/* End XCConfigurationList section */

/* Begin XCRemoteSwiftPackageReference section */
		FB19B96529C26F3300219583 /* XCRemoteSwiftPackageReference "Alamofire" */ = {
			isa = XCRemoteSwiftPackageReference;
			repositoryURL = "https://github.com/Alamofire/Alamofire.git";
			requirement = {
				kind = upToNextMajorVersion;
				minimumVersion = 5.0.0;
			};
		};
		FBF1A51529C3B59F00458613 /* XCRemoteSwiftPackageReference "Kingfisher" */ = {
			isa = XCRemoteSwiftPackageReference;
			repositoryURL = "https://github.com/onevcat/Kingfisher.git";
			requirement = {
				kind = upToNextMajorVersion;
				minimumVersion = 7.0.0;
			};
		};
/* End XCRemoteSwiftPackageReference section */

/* Begin XCSwiftPackageProductDependency section */
		FB19B96629C26F3300219583 /* Alamofire */ = {
			isa = XCSwiftPackageProductDependency;
			package = FB19B96529C26F3300219583 /* XCRemoteSwiftPackageReference "Alamofire" */;
			productName = Alamofire;
		};
		FBF1A51629C3B59F00458613 /* Kingfisher */ = {
			isa = XCSwiftPackageProductDependency;
			package = FBF1A51529C3B59F00458613 /* XCRemoteSwiftPackageReference "Kingfisher" */;
			productName = Kingfisher;
		};
/* End XCSwiftPackageProductDependency section */
	};
	rootObject = FBEC04B729B4EBB8003A96D4 /* Project object */;
}
